
Microsoft Visual Studio Solution File, Format Version 12.00
# Visual Studio Version 17
VisualStudioVersion = 17.3.32825.248
MinimumVisualStudioVersion = 10.0.40219.1
Project("{9A19103F-16F7-4668-BE54-9A1E7A4F7556}") = "GameServer", "GameServer\GameServer.csproj", "{AB045A8D-865E-4DB4-9A96-3AA09F0583D2}"
EndProject
Project("{9A19103F-16F7-4668-BE54-9A1E7A4F7556}") = "AccountServer", "AccountServer\AccountServer.csproj", "{59BB4BCC-A627-44D0-BC7D-0F99F0327FE8}"
EndProject
Project("{9A19103F-16F7-4668-BE54-9A1E7A4F7556}") = "GamePackets", "GamePackets\GamePackets.csproj", "{41278D56-AE0C-4771-8936-0F15F5826BE2}"
EndProject
Project("{9A19103F-16F7-4668-BE54-9A1E7A4F7556}") = "Library", "Library\Library.csproj", "{54AFF735-AC67-4CEC-8670-1B7DB89ABA12}"
EndProject
Project("{9A19103F-16F7-4668-BE54-9A1E7A4F7556}") = "Launcher", "Launcher\Launcher.csproj", "{A3D6BFB5-0D92-4122-90AE-6270A01E52FF}"
EndProject
Project("{9A19103F-16F7-4668-BE54-9A1E7A4F7556}") = "ClientPacketSnifferApp", "ClientPacketSnifferApp\ClientPacketSnifferApp.csproj", "{CF43512F-28A7-435F-8757-10ADAAD4D027}"
EndProject
Global
	GlobalSection(SolutionConfigurationPlatforms) = preSolution
		Debug|Any CPU = Debug|Any CPU
		Debug|x64 = Debug|x64
		Debug|x86 = Debug|x86
		Release|Any CPU = Release|Any CPU
		Release|x64 = Release|x64
		Release|x86 = Release|x86
	EndGlobalSection
	GlobalSection(ProjectConfigurationPlatforms) = postSolution
		{AB045A8D-865E-4DB4-9A96-3AA09F0583D2}.Debug|Any CPU.ActiveCfg = Debug|Any CPU
		{AB045A8D-865E-4DB4-9A96-3AA09F0583D2}.Debug|Any CPU.Build.0 = Debug|Any CPU
		{AB045A8D-865E-4DB4-9A96-3AA09F0583D2}.Debug|x64.ActiveCfg = Debug|x64
		{AB045A8D-865E-4DB4-9A96-3AA09F0583D2}.Debug|x64.Build.0 = Debug|x64
		{AB045A8D-865E-4DB4-9A96-3AA09F0583D2}.Debug|x86.ActiveCfg = Debug|x86
		{AB045A8D-865E-4DB4-9A96-3AA09F0583D2}.Debug|x86.Build.0 = Debug|x86
		{AB045A8D-865E-4DB4-9A96-3AA09F0583D2}.Release|Any CPU.ActiveCfg = Release|Any CPU
		{AB045A8D-865E-4DB4-9A96-3AA09F0583D2}.Release|Any CPU.Build.0 = Release|Any CPU
		{AB045A8D-865E-4DB4-9A96-3AA09F0583D2}.Release|x64.ActiveCfg = Release|x64
		{AB045A8D-865E-4DB4-9A96-3AA09F0583D2}.Release|x64.Build.0 = Release|x64
		{AB045A8D-865E-4DB4-9A96-3AA09F0583D2}.Release|x86.ActiveCfg = Release|x86
		{AB045A8D-865E-4DB4-9A96-3AA09F0583D2}.Release|x86.Build.0 = Release|x86
		{59BB4BCC-A627-44D0-BC7D-0F99F0327FE8}.Debug|Any CPU.ActiveCfg = Debug|Any CPU
		{59BB4BCC-A627-44D0-BC7D-0F99F0327FE8}.Debug|Any CPU.Build.0 = Debug|Any CPU
		{59BB4BCC-A627-44D0-BC7D-0F99F0327FE8}.Debug|x64.ActiveCfg = Debug|Any CPU
		{59BB4BCC-A627-44D0-BC7D-0F99F0327FE8}.Debug|x64.Build.0 = Debug|Any CPU
		{59BB4BCC-A627-44D0-BC7D-0F99F0327FE8}.Debug|x86.ActiveCfg = Debug|Any CPU
		{59BB4BCC-A627-44D0-BC7D-0F99F0327FE8}.Debug|x86.Build.0 = Debug|Any CPU
		{59BB4BCC-A627-44D0-BC7D-0F99F0327FE8}.Release|Any CPU.ActiveCfg = Release|Any CPU
		{59BB4BCC-A627-44D0-BC7D-0F99F0327FE8}.Release|Any CPU.Build.0 = Release|Any CPU
		{59BB4BCC-A627-44D0-BC7D-0F99F0327FE8}.Release|x64.ActiveCfg = Release|Any CPU
		{59BB4BCC-A627-44D0-BC7D-0F99F0327FE8}.Release|x64.Build.0 = Release|Any CPU
		{59BB4BCC-A627-44D0-BC7D-0F99F0327FE8}.Release|x86.ActiveCfg = Release|Any CPU
		{59BB4BCC-A627-44D0-BC7D-0F99F0327FE8}.Release|x86.Build.0 = Release|Any CPU
		{41278D56-AE0C-4771-8936-0F15F5826BE2}.Debug|Any CPU.ActiveCfg = Debug|Any CPU
		{41278D56-AE0C-4771-8936-0F15F5826BE2}.Debug|Any CPU.Build.0 = Debug|Any CPU
		{41278D56-AE0C-4771-8936-0F15F5826BE2}.Debug|x64.ActiveCfg = Debug|Any CPU
		{41278D56-AE0C-4771-8936-0F15F5826BE2}.Debug|x64.Build.0 = Debug|Any CPU
		{41278D56-AE0C-4771-8936-0F15F5826BE2}.Debug|x86.ActiveCfg = Debug|Any CPU
		{41278D56-AE0C-4771-8936-0F15F5826BE2}.Debug|x86.Build.0 = Debug|Any CPU
		{41278D56-AE0C-4771-8936-0F15F5826BE2}.Release|Any CPU.ActiveCfg = Release|Any CPU
		{41278D56-AE0C-4771-8936-0F15F5826BE2}.Release|Any CPU.Build.0 = Release|Any CPU
		{41278D56-AE0C-4771-8936-0F15F5826BE2}.Release|x64.ActiveCfg = Release|Any CPU
		{41278D56-AE0C-4771-8936-0F15F5826BE2}.Release|x64.Build.0 = Release|Any CPU
		{41278D56-AE0C-4771-8936-0F15F5826BE2}.Release|x86.ActiveCfg = Release|Any CPU
		{41278D56-AE0C-4771-8936-0F15F5826BE2}.Release|x86.Build.0 = Release|Any CPU
		{54AFF735-AC67-4CEC-8670-1B7DB89ABA12}.Debug|Any CPU.ActiveCfg = Debug|Any CPU
		{54AFF735-AC67-4CEC-8670-1B7DB89ABA12}.Debug|Any CPU.Build.0 = Debug|Any CPU
		{54AFF735-AC67-4CEC-8670-1B7DB89ABA12}.Debug|x64.ActiveCfg = Debug|Any CPU
		{54AFF735-AC67-4CEC-8670-1B7DB89ABA12}.Debug|x64.Build.0 = Debug|Any CPU
		{54AFF735-AC67-4CEC-8670-1B7DB89ABA12}.Debug|x86.ActiveCfg = Debug|Any CPU
		{54AFF735-AC67-4CEC-8670-1B7DB89ABA12}.Debug|x86.Build.0 = Debug|Any CPU
		{54AFF735-AC67-4CEC-8670-1B7DB89ABA12}.Release|Any CPU.ActiveCfg = Release|Any CPU
		{54AFF735-AC67-4CEC-8670-1B7DB89ABA12}.Release|Any CPU.Build.0 = Release|Any CPU
		{54AFF735-AC67-4CEC-8670-1B7DB89ABA12}.Release|x64.ActiveCfg = Release|Any CPU
		{54AFF735-AC67-4CEC-8670-1B7DB89ABA12}.Release|x64.Build.0 = Release|Any CPU
		{54AFF735-AC67-4CEC-8670-1B7DB89ABA12}.Release|x86.ActiveCfg = Release|Any CPU
		{54AFF735-AC67-4CEC-8670-1B7DB89ABA12}.Release|x86.Build.0 = Release|Any CPU
		{A3D6BFB5-0D92-4122-90AE-6270A01E52FF}.Debug|Any CPU.ActiveCfg = Debug|Any CPU
		{A3D6BFB5-0D92-4122-90AE-6270A01E52FF}.Debug|Any CPU.Build.0 = Debug|Any CPU
		{A3D6BFB5-0D92-4122-90AE-6270A01E52FF}.Debug|x64.ActiveCfg = Debug|x64
		{A3D6BFB5-0D92-4122-90AE-6270A01E52FF}.Debug|x64.Build.0 = Debug|x64
		{A3D6BFB5-0D92-4122-90AE-6270A01E52FF}.Debug|x86.ActiveCfg = Debug|x86
		{A3D6BFB5-0D92-4122-90AE-6270A01E52FF}.Debug|x86.Build.0 = Debug|x86
		{A3D6BFB5-0D92-4122-90AE-6270A01E52FF}.Release|Any CPU.ActiveCfg = Release|Any CPU
		{A3D6BFB5-0D92-4122-90AE-6270A01E52FF}.Release|Any CPU.Build.0 = Release|Any CPU
		{A3D6BFB5-0D92-4122-90AE-6270A01E52FF}.Release|x64.ActiveCfg = Release|x64
		{A3D6BFB5-0D92-4122-90AE-6270A01E52FF}.Release|x64.Build.0 = Release|x64
		{A3D6BFB5-0D92-4122-90AE-6270A01E52FF}.Release|x86.ActiveCfg = Release|x86
		{A3D6BFB5-0D92-4122-90AE-6270A01E52FF}.Release|x86.Build.0 = Release|x86
		{CF43512F-28A7-435F-8757-10ADAAD4D027}.Debug|Any CPU.ActiveCfg = Debug|Any CPU
		{CF43512F-28A7-435F-8757-10ADAAD4D027}.Debug|Any CPU.Build.0 = Debug|Any CPU
		{CF43512F-28A7-435F-8757-10ADAAD4D027}.Debug|x64.ActiveCfg = Debug|Any CPU
		{CF43512F-28A7-435F-8757-10ADAAD4D027}.Debug|x64.Build.0 = Debug|Any CPU
		{CF43512F-28A7-435F-8757-10ADAAD4D027}.Debug|x86.ActiveCfg = Debug|Any CPU
		{CF43512F-28A7-435F-8757-10ADAAD4D027}.Debug|x86.Build.0 = Debug|Any CPU
		{CF43512F-28A7-435F-8757-10ADAAD4D027}.Release|Any CPU.ActiveCfg = Release|Any CPU
		{CF43512F-28A7-435F-8757-10ADAAD4D027}.Release|Any CPU.Build.0 = Release|Any CPU
		{CF43512F-28A7-435F-8757-10ADAAD4D027}.Release|x64.ActiveCfg = Release|Any CPU
		{CF43512F-28A7-435F-8757-10ADAAD4D027}.Release|x64.Build.0 = Release|Any CPU
		{CF43512F-28A7-435F-8757-10ADAAD4D027}.Release|x86.ActiveCfg = Release|Any CPU
		{CF43512F-28A7-435F-8757-10ADAAD4D027}.Release|x86.Build.0 = Release|Any CPU
	EndGlobalSection
	GlobalSection(SolutionProperties) = preSolution
		HideSolutionNode = FALSE
	EndGlobalSection
	GlobalSection(ExtensibilityGlobals) = postSolution
		SolutionGuid = {C1BF4423-8374-4757-87E9-6072B3994DC7}
	EndGlobalSection
EndGlobal
